// !$*UTF8*$!
{
	archiveVersion = 1;
	classes = {
	};
	objectVersion = 46;
	objects = {

/* Begin PBXBuildFile section */
		DB0C21501B43ACCC00E832F7 /* main.m in Sources */ = {isa = PBXBuildFile; fileRef = DB0C214F1B43ACCC00E832F7 /* main.m */; };
		DB0C21531B43ACCC00E832F7 /* AppDelegate.m in Sources */ = {isa = PBXBuildFile; fileRef = DB0C21521B43ACCC00E832F7 /* AppDelegate.m */; };
		DB0C21561B43ACCC00E832F7 /* ViewController.m in Sources */ = {isa = PBXBuildFile; fileRef = DB0C21551B43ACCC00E832F7 /* ViewController.m */; };
		DB0C21591B43ACCC00E832F7 /* Main.storyboard in Resources */ = {isa = PBXBuildFile; fileRef = DB0C21571B43ACCC00E832F7 /* Main.storyboard */; };
		DB0C215B1B43ACCC00E832F7 /* Images.xcassets in Resources */ = {isa = PBXBuildFile; fileRef = DB0C215A1B43ACCC00E832F7 /* Images.xcassets */; };
		DB0C215E1B43ACCC00E832F7 /* LaunchScreen.xib in Resources */ = {isa = PBXBuildFile; fileRef = DB0C215C1B43ACCC00E832F7 /* LaunchScreen.xib */; };
		DB0C216A1B43ACCC00E832F7 /* PVideoCompressionTests.m in Sources */ = {isa = PBXBuildFile; fileRef = DB0C21691B43ACCC00E832F7 /* PVideoCompressionTests.m */; };
/* End PBXBuildFile section */

/* Begin PBXContainerItemProxy section */
		DB0C21641B43ACCC00E832F7 /* PBXContainerItemProxy */ = {
			isa = PBXContainerItemProxy;
			containerPortal = DB0C21421B43ACCC00E832F7 /* Project object */;
			proxyType = 1;
			remoteGlobalIDString = DB0C21491B43ACCC00E832F7;
			remoteInfo = PVideoCompression;
		};
/* End PBXContainerItemProxy section */

/* Begin PBXFileReference section */
		DB0C214A1B43ACCC00E832F7 /* PVideoCompression.app */ = {isa = PBXFileReference; explicitFileType = wrapper.application; includeInIndex = 0; path = PVideoCompression.app; sourceTree = BUILT_PRODUCTS_DIR; };
		DB0C214E1B43ACCC00E832F7 /* Info.plist */ = {isa = PBXFileReference; lastKnownFileType = text.plist.xml; path = Info.plist; sourceTree = "<group>"; };
		DB0C214F1B43ACCC00E832F7 /* main.m */ = {isa = PBXFileReference; lastKnownFileType = sourcecode.c.objc; path = main.m; sourceTree = "<group>"; };
		DB0C21511B43ACCC00E832F7 /* AppDelegate.h */ = {isa = PBXFileReference; lastKnownFileType = sourcecode.c.h; path = AppDelegate.h; sourceTree = "<group>"; };
		DB0C21521B43ACCC00E832F7 /* AppDelegate.m */ = {isa = PBXFileReference; lastKnownFileType = sourcecode.c.objc; path = AppDelegate.m; sourceTree = "<group>"; };
		DB0C21541B43ACCC00E832F7 /* ViewController.h */ = {isa = PBXFileReference; lastKnownFileType = sourcecode.c.h; path = ViewController.h; sourceTree = "<group>"; };
		DB0C21551B43ACCC00E832F7 /* ViewController.m */ = {isa = PBXFileReference; lastKnownFileType = sourcecode.c.objc; path = ViewController.m; sourceTree = "<group>"; };
		DB0C21581B43ACCC00E832F7 /* Base */ = {isa = PBXFileReference; lastKnownFileType = file.storyboard; name = Base; path = Base.lproj/Main.storyboard; sourceTree = "<group>"; };
		DB0C215A1B43ACCC00E832F7 /* Images.xcassets */ = {isa = PBXFileReference; lastKnownFileType = folder.assetcatalog; path = Images.xcassets; sourceTree = "<group>"; };
		DB0C215D1B43ACCC00E832F7 /* Base */ = {isa = PBXFileReference; lastKnownFileType = file.xib; name = Base; path = Base.lproj/LaunchScreen.xib; sourceTree = "<group>"; };
		DB0C21631B43ACCC00E832F7 /* PVideoCompressionTests.xctest */ = {isa = PBXFileReference; explicitFileType = wrapper.cfbundle; includeInIndex = 0; path = PVideoCompressionTests.xctest; sourceTree = BUILT_PRODUCTS_DIR; };
		DB0C21681B43ACCC00E832F7 /* Info.plist */ = {isa = PBXFileReference; lastKnownFileType = text.plist.xml; path = Info.plist; sourceTree = "<group>"; };
		DB0C21691B43ACCC00E832F7 /* PVideoCompressionTests.m */ = {isa = PBXFileReference; lastKnownFileType = sourcecode.c.objc; path = PVideoCompressionTests.m; sourceTree = "<group>"; };
/* End PBXFileReference section */

/* Begin PBXFrameworksBuildPhase section */
		DB0C21471B43ACCC00E832F7 /* Frameworks */ = {
			isa = PBXFrameworksBuildPhase;
			buildActionMask = 2147483647;
			files = (
			);
			runOnlyForDeploymentPostprocessing = 0;
		};
		DB0C21601B43ACCC00E832F7 /* Frameworks */ = {
			isa = PBXFrameworksBuildPhase;
			buildActionMask = 2147483647;
			files = (
			);
			runOnlyForDeploymentPostprocessing = 0;
		};
/* End PBXFrameworksBuildPhase section */

/* Begin PBXGroup section */
		DB0C21411B43ACCC00E832F7 = {
			isa = PBXGroup;
			children = (
				DB0C214C1B43ACCC00E832F7 /* PVideoCompression */,
				DB0C21661B43ACCC00E832F7 /* PVideoCompressionTests */,
				DB0C214B1B43ACCC00E832F7 /* Products */,
			);
			sourceTree = "<group>";
		};
		DB0C214B1B43ACCC00E832F7 /* Products */ = {
			isa = PBXGroup;
			children = (
				DB0C214A1B43ACCC00E832F7 /* PVideoCompression.app */,
				DB0C21631B43ACCC00E832F7 /* PVideoCompressionTests.xctest */,
			);
			name = Products;
			sourceTree = "<group>";
		};
		DB0C214C1B43ACCC00E832F7 /* PVideoCompression */ = {
			isa = PBXGroup;
			children = (
				DB0C21511B43ACCC00E832F7 /* AppDelegate.h */,
				DB0C21521B43ACCC00E832F7 /* AppDelegate.m */,
				DB0C21541B43ACCC00E832F7 /* ViewController.h */,
				DB0C21551B43ACCC00E832F7 /* ViewController.m */,
				DB0C21571B43ACCC00E832F7 /* Main.storyboard */,
				DB0C215A1B43ACCC00E832F7 /* Images.xcassets */,
				DB0C215C1B43ACCC00E832F7 /* LaunchScreen.xib */,
				DB0C214D1B43ACCC00E832F7 /* Supporting Files */,
			);
			path = PVideoCompression;
			sourceTree = "<group>";
		};
		DB0C214D1B43ACCC00E832F7 /* Supporting Files */ = {
			isa = PBXGroup;
			children = (
				DB0C214E1B43ACCC00E832F7 /* Info.plist */,
				DB0C214F1B43ACCC00E832F7 /* main.m */,
			);
			name = "Supporting Files";
			sourceTree = "<group>";
		};
		DB0C21661B43ACCC00E832F7 /* PVideoCompressionTests */ = {
			isa = PBXGroup;
			children = (
				DB0C21691B43ACCC00E832F7 /* PVideoCompressionTests.m */,
				DB0C21671B43ACCC00E832F7 /* Supporting Files */,
			);
			path = PVideoCompressionTests;
			sourceTree = "<group>";
		};
		DB0C21671B43ACCC00E832F7 /* Supporting Files */ = {
			isa = PBXGroup;
			children = (
				DB0C21681B43ACCC00E832F7 /* Info.plist */,
			);
			name = "Supporting Files";
			sourceTree = "<group>";
		};
/* End PBXGroup section */

/* Begin PBXNativeTarget section */
		DB0C21491B43ACCC00E832F7 /* PVideoCompression */ = {
			isa = PBXNativeTarget;
			buildConfigurationList = DB0C216D1B43ACCC00E832F7 /* Build configuration list for PBXNativeTarget "PVideoCompression" */;
			buildPhases = (
				DB0C21461B43ACCC00E832F7 /* Sources */,
				DB0C21471B43ACCC00E832F7 /* Frameworks */,
				DB0C21481B43ACCC00E832F7 /* Resources */,
			);
			buildRules = (
			);
			dependencies = (
			);
			name = PVideoCompression;
			productName = PVideoCompression;
			productReference = DB0C214A1B43ACCC00E832F7 /* PVideoCompression.app */;
			productType = "com.apple.product-type.application";
		};
		DB0C21621B43ACCC00E832F7 /* PVideoCompressionTests */ = {
			isa = PBXNativeTarget;
			buildConfigurationList = DB0C21701B43ACCC00E832F7 /* Build configuration list for PBXNativeTarget "PVideoCompressionTests" */;
			buildPhases = (
				DB0C215F1B43ACCC00E832F7 /* Sources */,
				DB0C21601B43ACCC00E832F7 /* Frameworks */,
				DB0C21611B43ACCC00E832F7 /* Resources */,
			);
			buildRules = (
			);
			dependencies = (
				DB0C21651B43ACCC00E832F7 /* PBXTargetDependency */,
			);
			name = PVideoCompressionTests;
			productName = PVideoCompressionTests;
			productReference = DB0C21631B43ACCC00E832F7 /* PVideoCompressionTests.xctest */;
			productType = "com.apple.product-type.bundle.unit-test";
		};
/* End PBXNativeTarget section */

/* Begin PBXProject section */
		DB0C21421B43ACCC00E832F7 /* Project object */ = {
			isa = PBXProject;
			attributes = {
				LastUpgradeCheck = 0640;
				ORGANIZATIONNAME = P;
				TargetAttributes = {
					DB0C21491B43ACCC00E832F7 = {
						CreatedOnToolsVersion = 6.4;
					};
					DB0C21621B43ACCC00E832F7 = {
						CreatedOnToolsVersion = 6.4;
						TestTargetID = DB0C21491B43ACCC00E832F7;
					};
				};
			};
			buildConfigurationList = DB0C21451B43ACCC00E832F7 /* Build configuration list for PBXProject "PVideoCompression" */;
			compatibilityVersion = "Xcode 3.2";
			developmentRegion = English;
			hasScannedForEncodings = 0;
			knownRegions = (
				en,
				Base,
			);
			mainGroup = DB0C21411B43ACCC00E832F7;
			productRefGroup = DB0C214B1B43ACCC00E832F7 /* Products */;
			projectDirPath = "";
			projectRoot = "";
			targets = (
				DB0C21491B43ACCC00E832F7 /* PVideoCompression */,
				DB0C21621B43ACCC00E832F7 /* PVideoCompressionTests */,
			);
		};
/* End PBXProject section */

/* Begin PBXResourcesBuildPhase section */
		DB0C21481B43ACCC00E832F7 /* Resources */ = {
			isa = PBXResourcesBuildPhase;
			buildActionMask = 2147483647;
			files = (
				DB0C21591B43ACCC00E832F7 /* Main.storyboard in Resources */,
				DB0C215E1B43ACCC00E832F7 /* LaunchScreen.xib in Resources */,
				DB0C215B1B43ACCC00E832F7 /* Images.xcassets in Resources */,
			);
			runOnlyForDeploymentPostprocessing = 0;
		};
		DB0C21611B43ACCC00E832F7 /* Resources */ = {
			isa = PBXResourcesBuildPhase;
			buildActionMask = 2147483647;
			files = (
			);
			runOnlyForDeploymentPostprocessing = 0;
		};
/* End PBXResourcesBuildPhase section */

/* Begin PBXSourcesBuildPhase section */
		DB0C21461B43ACCC00E832F7 /* Sources */ = {
			isa = PBXSourcesBuildPhase;
			buildActionMask = 2147483647;
			files = (
				DB0C21561B43ACCC00E832F7 /* ViewController.m in Sources */,
				DB0C21531B43ACCC00E832F7 /* AppDelegate.m in Sources */,
				DB0C21501B43ACCC00E832F7 /* main.m in Sources */,
			);
			runOnlyForDeploymentPostprocessing = 0;
		};
		DB0C215F1B43ACCC00E832F7 /* Sources */ = {
			isa = PBXSourcesBuildPhase;
			buildActionMask = 2147483647;
			files = (
				DB0C216A1B43ACCC00E832F7 /* PVideoCompressionTests.m in Sources */,
			);
			runOnlyForDeploymentPostprocessing = 0;
		};
/* End PBXSourcesBuildPhase section */

/* Begin PBXTargetDependency section */
		DB0C21651B43ACCC00E832F7 /* PBXTargetDependency */ = {
			isa = PBXTargetDependency;
			target = DB0C21491B43ACCC00E832F7 /* PVideoCompression */;
			targetProxy = DB0C21641B43ACCC00E832F7 /* PBXContainerItemProxy */;
		};
/* End PBXTargetDependency section */

/* Begin PBXVariantGroup section */
		DB0C21571B43ACCC00E832F7 /* Main.storyboard */ = {
			isa = PBXVariantGroup;
			children = (
				DB0C21581B43ACCC00E832F7 /* Base */,
			);
			name = Main.storyboard;
			sourceTree = "<group>";
		};
		DB0C215C1B43ACCC00E832F7 /* LaunchScreen.xib */ = {
			isa = PBXVariantGroup;
			children = (
				DB0C215D1B43ACCC00E832F7 /* Base */,
			);
			name = LaunchScreen.xib;
			sourceTree = "<group>";
		};
/* End PBXVariantGroup section */

/* Begin XCBuildConfiguration section */
		DB0C216B1B43ACCC00E832F7 /* Debug */ = {
			isa = XCBuildConfiguration;
			buildSettings = {
				ALWAYS_SEARCH_USER_PATHS = NO;
				CLANG_CXX_LANGUAGE_STANDARD = "gnu++0x";
				CLANG_CXX_LIBRARY = "libc++";
				CLANG_ENABLE_MODULES = YES;
				CLANG_ENABLE_OBJC_ARC = YES;
				CLANG_WARN_BOOL_CONVERSION = YES;
				CLANG_WARN_CONSTANT_CONVERSION = YES;
				CLANG_WARN_DIRECT_OBJC_ISA_USAGE = YES_ERROR;
				CLANG_WARN_EMPTY_BODY = YES;
				CLANG_WARN_ENUM_CONVERSION = YES;
				CLANG_WARN_INT_CONVERSION = YES;
				CLANG_WARN_OBJC_ROOT_CLASS = YES_ERROR;
				CLANG_WARN_UNREACHABLE_CODE = YES;
				CLANG_WARN__DUPLICATE_METHOD_MATCH = YES;
				"CODE_SIGN_IDENTITY[sdk=iphoneos*]" = "iPhone Developer";
				COPY_PHASE_STRIP = NO;
				DEBUG_INFORMATION_FORMAT = "dwarf-with-dsym";
				ENABLE_STRICT_OBJC_MSGSEND = YES;
				GCC_C_LANGUAGE_STANDARD = gnu99;
				GCC_DYNAMIC_NO_PIC = NO;
				GCC_NO_COMMON_BLOCKS = YES;
				GCC_OPTIMIZATION_LEVEL = 0;
				GCC_PREPROCESSOR_DEFINITIONS = (
					"DEBUG=1",
					"$(inherited)",
				);
				GCC_SYMBOLS_PRIVATE_EXTERN = NO;
				GCC_WARN_64_TO_32_BIT_CONVERSION = YES;
				GCC_WARN_ABOUT_RETURN_TYPE = YES_ERROR;
				GCC_WARN_UNDECLARED_SELECTOR = YES;
				GCC_WARN_UNINITIALIZED_AUTOS = YES_AGGRESSIVE;
				GCC_WARN_UNUSED_FUNCTION = YES;
				GCC_WARN_UNUSED_VARIABLE = YES;
				IPHONEOS_DEPLOYMENT_TARGET = 8.4;
				MTL_ENABLE_DEBUG_INFO = YES;
				ONLY_ACTIVE_ARCH = YES;
				SDKROOT = iphoneos;
			};
			name = Debug;
		};
		DB0C216C1B43ACCC00E832F7 /* Release */ = {
			isa = XCBuildConfiguration;
			buildSettings = {
				ALWAYS_SEARCH_USER_PATHS = NO;
				CLANG_CXX_LANGUAGE_STANDARD = "gnu++0x";
				CLANG_CXX_LIBRARY = "libc++";
				CLANG_ENABLE_MODULES = YES;
				CLANG_ENABLE_OBJC_ARC = YES;
				CLANG_WARN_BOOL_CONVERSION = YES;
				CLANG_WARN_CONSTANT_CONVERSION = YES;
				CLANG_WARN_DIRECT_OBJC_ISA_USAGE = YES_ERROR;
				CLANG_WARN_EMPTY_BODY = YES;
				CLANG_WARN_ENUM_CONVERSION = YES;
				CLANG_WARN_INT_CONVERSION = YES;
				CLANG_WARN_OBJC_ROOT_CLASS = YES_ERROR;
				CLANG_WARN_UNREACHABLE_CODE = YES;
				CLANG_WARN__DUPLICATE_METHOD_MATCH = YES;
				"CODE_SIGN_IDENTITY[sdk=iphoneos*]" = "iPhone Developer";
				COPY_PHASE_STRIP = NO;
				DEBUG_INFORMATION_FORMAT = "dwarf-with-dsym";
				ENABLE_NS_ASSERTIONS = NO;
				ENABLE_STRICT_OBJC_MSGSEND = YES;
				GCC_C_LANGUAGE_STANDARD = gnu99;
				GCC_NO_COMMON_BLOCKS = YES;
				GCC_WARN_64_TO_32_BIT_CONVERSION = YES;
				GCC_WARN_ABOUT_RETURN_TYPE = YES_ERROR;
				GCC_WARN_UNDECLARED_SELECTOR = YES;
				GCC_WARN_UNINITIALIZED_AUTOS = YES_AGGRESSIVE;
				GCC_WARN_UNUSED_FUNCTION = YES;
				GCC_WARN_UNUSED_VARIABLE = YES;
				IPHONEOS_DEPLOYMENT_TARGET = 8.4;
				MTL_ENABLE_DEBUG_INFO = NO;
				SDKROOT = iphoneos;
				VALIDATE_PRODUCT = YES;
			};
			name = Release;
		};
		DB0C216E1B43ACCC00E832F7 /* Debug */ = {
			isa = XCBuildConfiguration;
			buildSettings = {
				ASSETCATALOG_COMPILER_APPICON_NAME = AppIcon;
				INFOPLIST_FILE = PVideoCompression/Info.plist;
				IPHONEOS_DEPLOYMENT_TARGET = 6.0;
				LD_RUNPATH_SEARCH_PATHS = "$(inherited) @executable_path/Frameworks";
				PRODUCT_NAME = "$(TARGET_NAME)";
			};
			name = Debug;
		};
		DB0C216F1B43ACCC00E832F7 /* Release */ = {
			isa = XCBuildConfiguration;
			buildSettings = {
				ASSETCATALOG_COMPILER_APPICON_NAME = AppIcon;
				INFOPLIST_FILE = PVideoCompression/Info.plist;
				IPHONEOS_DEPLOYMENT_TARGET = 6.0;
				LD_RUNPATH_SEARCH_PATHS = "$(inherited) @executable_path/Frameworks";
				PRODUCT_NAME = "$(TARGET_NAME)";
			};
			name = Release;
		};
		DB0C21711B43ACCC00E832F7 /* Debug */ = {
			isa = XCBuildConfiguration;
			buildSettings = {
				BUNDLE_LOADER = "$(TEST_HOST)";
				FRAMEWORK_SEARCH_PATHS = (
					"$(SDKROOT)/Developer/Library/Frameworks",
					"$(inherited)",
				);
				GCC_PREPROCESSOR_DEFINITIONS = (
					"DEBUG=1",
					"$(inherited)",
				);
				INFOPLIST_FILE = PVideoCompressionTests/Info.plist;
				LD_RUNPATH_SEARCH_PATHS = "$(inherited) @executable_path/Frameworks @loader_path/Frameworks";
				PRODUCT_NAME = "$(TARGET_NAME)";
				TEST_HOST = "$(BUILT_PRODUCTS_DIR)/PVideoCompression.app/PVideoCompression";
			};
			name = Debug;
		};
		DB0C21721B43ACCC00E832F7 /* Release */ = {
			isa = XCBuildConfiguration;
			buildSettings = {
				BUNDLE_LOADER = "$(TEST_HOST)";
				FRAMEWORK_SEARCH_PATHS = (
					"$(SDKROOT)/Developer/Library/Frameworks",
					"$(inherited)",
				);
				INFOPLIST_FILE = PVideoCompressionTests/Info.plist;
				LD_RUNPATH_SEARCH_PATHS = "$(inherited) @executable_path/Frameworks @loader_path/Frameworks";
				PRODUCT_NAME = "$(TARGET_NAME)";
				TEST_HOST = "$(BUILT_PRODUCTS_DIR)/PVideoCompression.app/PVideoCompression";
			};
			name = Release;
		};
/* End XCBuildConfiguration section */

/* Begin XCConfigurationList section */
		DB0C21451B43ACCC00E832F7 /* Build configuration list for PBXProject "PVideoCompression" */ = {
			isa = XCConfigurationList;
			buildConfigurations = (
				DB0C216B1B43ACCC00E832F7 /* Debug */,
				DB0C216C1B43ACCC00E832F7 /* Release */,
			);
			defaultConfigurationIsVisible = 0;
			defaultConfigurationName = Release;
		};
		DB0C216D1B43ACCC00E832F7 /* Build configuration list for PBXNativeTarget "PVideoCompression" */ = {
			isa = XCConfigurationList;
			buildConfigurations = (
				DB0C216E1B43ACCC00E832F7 /* Debug */,
				DB0C216F1B43ACCC00E832F7 /* Release */,
			);
			defaultConfigurationIsVisible = 0;
		};
		DB0C21701B43ACCC00E832F7 /* Build configuration list for PBXNativeTarget "PVideoCompressionTests" */ = {
			isa = XCConfigurationList;
			buildConfigurations = (
				DB0C21711B43ACCC00E832F7 /* Debug */,
				DB0C21721B43ACCC00E832F7 /* Release */,
			);
			defaultConfigurationIsVisible = 0;
		};
/* End XCConfigurationList section */
	};
	rootObject = DB0C21421B43ACCC00E832F7 /* Project object */;
}
